
Microsoft Visual Studio Solution File, Format Version 12.00
# Visual Studio Version 17
VisualStudioVersion = 17.7.34031.279
MinimumVisualStudioVersion = 10.0.40219.1
Project("{9A19103F-16F7-4668-BE54-9A1E7A4F7556}") = "HelloBlazorServerApp", "HelloBlazorServerApp\HelloBlazorServerApp.csproj", "{47ED1719-BBBE-4E7E-8ECB-CE342FF426EA}"
EndProject
Project("{9A19103F-16F7-4668-BE54-9A1E7A4F7556}") = "HelloBlazorWebAssemblyApp", "HelloBlazorWebAssemblyApp\HelloBlazorWebAssemblyApp.csproj", "{F31DA877-F518-4287-B570-DCA4BF47EE90}"
EndProject
Project("{9A19103F-16F7-4668-BE54-9A1E7A4F7556}") = "SayHelloBlazorApp", "SayHelloBlazorApp\SayHelloBlazorApp.csproj", "{987FD648-CD18-4D3A-BBEF-196355FECD2B}"
EndProject
Project("{2150E333-8FDC-42A3-9474-1A3956D46DE8}") = "Backend", "Backend", "{3F9CE3C8-2E43-4BBE-A97D-559FFC090D83}"
EndProject
Project("{9A19103F-16F7-4668-BE54-9A1E7A4F7556}") = "CATodo.BLLContracts", "..\CATodo\CATodo.BLLContracts\CATodo.BLLContracts.csproj", "{5887694D-1CD1-4B29-9D4D-7AC2BFA4418E}"
EndProject
Project("{9A19103F-16F7-4668-BE54-9A1E7A4F7556}") = "CATodo.BLLImplementation", "..\CATodo\CATodo.BLLImplementation\CATodo.BLLImplementation.csproj", "{97FF3804-11B3-4CC5-BFA2-0D6DE2DD9CDD}"
EndProject
Project("{9A19103F-16F7-4668-BE54-9A1E7A4F7556}") = "CATodo.DAL", "..\CATodo\CATodo.DAL\CATodo.DAL.csproj", "{8BAC831C-638F-4B4C-A4D0-C93FDA354868}"
EndProject
Project("{9A19103F-16F7-4668-BE54-9A1E7A4F7556}") = "CATodo.WebApp", "..\CATodo\CATodo.WebApp\CATodo.WebApp.csproj", "{BB4E4E31-8E43-426F-B8DF-0DFBDABBC861}"
EndProject
Project("{9A19103F-16F7-4668-BE54-9A1E7A4F7556}") = "Peri.Core", "..\CATodo\Peri.Core\Peri.Core.csproj", "{4BD89CAC-0986-4ED4-A6B1-49117D4BAAE9}"
EndProject
Project("{2150E333-8FDC-42A3-9474-1A3956D46DE8}") = "Shared", "Shared", "{B724195C-7F63-4C43-B5DB-DC0DEDF7DC2E}"
EndProject
Project("{2150E333-8FDC-42A3-9474-1A3956D46DE8}") = "Frontend", "Frontend", "{DB2AEDE7-88C9-4C9E-A92A-63AE10CB2B5D}"
EndProject
Project("{FAE04EC0-301F-11D3-BF4B-00C04F79EFBC}") = "CATodo.BlazorApp", "CATodo.BlazorApp\CATodo.BlazorApp.csproj", "{85AA4891-55F0-4E6D-8D51-4AD2D7E361AA}"
EndProject
Project("{FAE04EC0-301F-11D3-BF4B-00C04F79EFBC}") = "CATodo.WebApi", "CATodo.WebApi\CATodo.WebApi.csproj", "{9072485B-600D-4D46-8821-92B12C375C1A}"
EndProject
Global
	GlobalSection(SolutionConfigurationPlatforms) = preSolution
		Debug|Any CPU = Debug|Any CPU
		Release|Any CPU = Release|Any CPU
	EndGlobalSection
	GlobalSection(ProjectConfigurationPlatforms) = postSolution
		{47ED1719-BBBE-4E7E-8ECB-CE342FF426EA}.Debug|Any CPU.ActiveCfg = Debug|Any CPU
		{47ED1719-BBBE-4E7E-8ECB-CE342FF426EA}.Debug|Any CPU.Build.0 = Debug|Any CPU
		{47ED1719-BBBE-4E7E-8ECB-CE342FF426EA}.Release|Any CPU.ActiveCfg = Release|Any CPU
		{47ED1719-BBBE-4E7E-8ECB-CE342FF426EA}.Release|Any CPU.Build.0 = Release|Any CPU
		{F31DA877-F518-4287-B570-DCA4BF47EE90}.Debug|Any CPU.ActiveCfg = Debug|Any CPU
		{F31DA877-F518-4287-B570-DCA4BF47EE90}.Debug|Any CPU.Build.0 = Debug|Any CPU
		{F31DA877-F518-4287-B570-DCA4BF47EE90}.Release|Any CPU.ActiveCfg = Release|Any CPU
		{F31DA877-F518-4287-B570-DCA4BF47EE90}.Release|Any CPU.Build.0 = Release|Any CPU
		{987FD648-CD18-4D3A-BBEF-196355FECD2B}.Debug|Any CPU.ActiveCfg = Debug|Any CPU
		{987FD648-CD18-4D3A-BBEF-196355FECD2B}.Debug|Any CPU.Build.0 = Debug|Any CPU
		{987FD648-CD18-4D3A-BBEF-196355FECD2B}.Release|Any CPU.ActiveCfg = Release|Any CPU
		{987FD648-CD18-4D3A-BBEF-196355FECD2B}.Release|Any CPU.Build.0 = Release|Any CPU
		{5887694D-1CD1-4B29-9D4D-7AC2BFA4418E}.Debug|Any CPU.ActiveCfg = Debug|Any CPU
		{5887694D-1CD1-4B29-9D4D-7AC2BFA4418E}.Debug|Any CPU.Build.0 = Debug|Any CPU
		{5887694D-1CD1-4B29-9D4D-7AC2BFA4418E}.Release|Any CPU.ActiveCfg = Release|Any CPU
		{5887694D-1CD1-4B29-9D4D-7AC2BFA4418E}.Release|Any CPU.Build.0 = Release|Any CPU
		{97FF3804-11B3-4CC5-BFA2-0D6DE2DD9CDD}.Debug|Any CPU.ActiveCfg = Debug|Any CPU
		{97FF3804-11B3-4CC5-BFA2-0D6DE2DD9CDD}.Debug|Any CPU.Build.0 = Debug|Any CPU
		{97FF3804-11B3-4CC5-BFA2-0D6DE2DD9CDD}.Release|Any CPU.ActiveCfg = Release|Any CPU
		{97FF3804-11B3-4CC5-BFA2-0D6DE2DD9CDD}.Release|Any CPU.Build.0 = Release|Any CPU
		{8BAC831C-638F-4B4C-A4D0-C93FDA354868}.Debug|Any CPU.ActiveCfg = Debug|Any CPU
		{8BAC831C-638F-4B4C-A4D0-C93FDA354868}.Debug|Any CPU.Build.0 = Debug|Any CPU
		{8BAC831C-638F-4B4C-A4D0-C93FDA354868}.Release|Any CPU.ActiveCfg = Release|Any CPU
		{8BAC831C-638F-4B4C-A4D0-C93FDA354868}.Release|Any CPU.Build.0 = Release|Any CPU
		{BB4E4E31-8E43-426F-B8DF-0DFBDABBC861}.Debug|Any CPU.ActiveCfg = Debug|Any CPU
		{BB4E4E31-8E43-426F-B8DF-0DFBDABBC861}.Debug|Any CPU.Build.0 = Debug|Any CPU
		{BB4E4E31-8E43-426F-B8DF-0DFBDABBC861}.Release|Any CPU.ActiveCfg = Release|Any CPU
		{BB4E4E31-8E43-426F-B8DF-0DFBDABBC861}.Release|Any CPU.Build.0 = Release|Any CPU
		{4BD89CAC-0986-4ED4-A6B1-49117D4BAAE9}.Debug|Any CPU.ActiveCfg = Debug|Any CPU
		{4BD89CAC-0986-4ED4-A6B1-49117D4BAAE9}.Debug|Any CPU.Build.0 = Debug|Any CPU
		{4BD89CAC-0986-4ED4-A6B1-49117D4BAAE9}.Release|Any CPU.ActiveCfg = Release|Any CPU
		{4BD89CAC-0986-4ED4-A6B1-49117D4BAAE9}.Release|Any CPU.Build.0 = Release|Any CPU
		{85AA4891-55F0-4E6D-8D51-4AD2D7E361AA}.Debug|Any CPU.ActiveCfg = Debug|Any CPU
		{85AA4891-55F0-4E6D-8D51-4AD2D7E361AA}.Debug|Any CPU.Build.0 = Debug|Any CPU
		{85AA4891-55F0-4E6D-8D51-4AD2D7E361AA}.Release|Any CPU.ActiveCfg = Release|Any CPU
		{85AA4891-55F0-4E6D-8D51-4AD2D7E361AA}.Release|Any CPU.Build.0 = Release|Any CPU
		{9072485B-600D-4D46-8821-92B12C375C1A}.Debug|Any CPU.ActiveCfg = Debug|Any CPU
		{9072485B-600D-4D46-8821-92B12C375C1A}.Debug|Any CPU.Build.0 = Debug|Any CPU
		{9072485B-600D-4D46-8821-92B12C375C1A}.Release|Any CPU.ActiveCfg = Release|Any CPU
		{9072485B-600D-4D46-8821-92B12C375C1A}.Release|Any CPU.Build.0 = Release|Any CPU
	EndGlobalSection
	GlobalSection(SolutionProperties) = preSolution
		HideSolutionNode = FALSE
	EndGlobalSection
	GlobalSection(NestedProjects) = preSolution
		{5887694D-1CD1-4B29-9D4D-7AC2BFA4418E} = {B724195C-7F63-4C43-B5DB-DC0DEDF7DC2E}
		{97FF3804-11B3-4CC5-BFA2-0D6DE2DD9CDD} = {3F9CE3C8-2E43-4BBE-A97D-559FFC090D83}
		{8BAC831C-638F-4B4C-A4D0-C93FDA354868} = {3F9CE3C8-2E43-4BBE-A97D-559FFC090D83}
		{BB4E4E31-8E43-426F-B8DF-0DFBDABBC861} = {3F9CE3C8-2E43-4BBE-A97D-559FFC090D83}
		{4BD89CAC-0986-4ED4-A6B1-49117D4BAAE9} = {B724195C-7F63-4C43-B5DB-DC0DEDF7DC2E}
		{85AA4891-55F0-4E6D-8D51-4AD2D7E361AA} = {DB2AEDE7-88C9-4C9E-A92A-63AE10CB2B5D}
		{9072485B-600D-4D46-8821-92B12C375C1A} = {3F9CE3C8-2E43-4BBE-A97D-559FFC090D83}
	EndGlobalSection
	GlobalSection(ExtensibilityGlobals) = postSolution
		SolutionGuid = {67B6BB12-925A-4A48-8A2F-A4D7732E9C65}
	EndGlobalSection
EndGlobal
